
Microsoft Visual Studio Solution File, Format Version 12.00
# Visual Studio 15
VisualStudioVersion = 15.0.26730.16
MinimumVisualStudioVersion = 10.0.40219.1
Project("{FAE04EC0-301F-11D3-BF4B-00C04F79EFBC}") = "Fibonacci Algorithm", "Fibonaci Algorithm\Fibonacci Algorithm.csproj", "{DDE35C99-6AF4-484B-9705-C7415975C11B}"
EndProject
Project("{FAE04EC0-301F-11D3-BF4B-00C04F79EFBC}") = "Simple Bubble Sort Algorithm", "Bubble Sort Algorithm\Simple Bubble Sort Algorithm.csproj", "{BA2703D9-03A7-4E44-9F2E-A37342CA0397}"
EndProject
Project("{FAE04EC0-301F-11D3-BF4B-00C04F79EFBC}") = "IsPalindrome", "IsPalindrome\IsPalindrome.csproj", "{746AAD92-3A2F-4E01-AFD5-4D6C55117D5E}"
EndProject
Project("{FAE04EC0-301F-11D3-BF4B-00C04F79EFBC}") = "StringReverse", "StringReverse\StringReverse.csproj", "{9BFCECDE-CDE9-427E-9374-82711BC8A5C9}"
EndProject
Project("{FAE04EC0-301F-11D3-BF4B-00C04F79EFBC}") = "FindAllPrimeNums", "FindAllPrimeNums\FindAllPrimeNums.csproj", "{84EAB5E2-E942-4C01-A53F-2C1E47D25E0B}"
EndProject
Project("{FAE04EC0-301F-11D3-BF4B-00C04F79EFBC}") = "Factorial", "Factorial\Factorial.csproj", "{6B7B1E25-80C3-41BE-8ECE-FF21B1E64FCF}"
EndProject
Global
	GlobalSection(SolutionConfigurationPlatforms) = preSolution
		Debug|Any CPU = Debug|Any CPU
		Release|Any CPU = Release|Any CPU
	EndGlobalSection
	GlobalSection(ProjectConfigurationPlatforms) = postSolution
		{DDE35C99-6AF4-484B-9705-C7415975C11B}.Debug|Any CPU.ActiveCfg = Debug|Any CPU
		{DDE35C99-6AF4-484B-9705-C7415975C11B}.Debug|Any CPU.Build.0 = Debug|Any CPU
		{DDE35C99-6AF4-484B-9705-C7415975C11B}.Release|Any CPU.ActiveCfg = Release|Any CPU
		{DDE35C99-6AF4-484B-9705-C7415975C11B}.Release|Any CPU.Build.0 = Release|Any CPU
		{BA2703D9-03A7-4E44-9F2E-A37342CA0397}.Debug|Any CPU.ActiveCfg = Debug|Any CPU
		{BA2703D9-03A7-4E44-9F2E-A37342CA0397}.Debug|Any CPU.Build.0 = Debug|Any CPU
		{BA2703D9-03A7-4E44-9F2E-A37342CA0397}.Release|Any CPU.ActiveCfg = Release|Any CPU
		{BA2703D9-03A7-4E44-9F2E-A37342CA0397}.Release|Any CPU.Build.0 = Release|Any CPU
		{746AAD92-3A2F-4E01-AFD5-4D6C55117D5E}.Debug|Any CPU.ActiveCfg = Debug|Any CPU
		{746AAD92-3A2F-4E01-AFD5-4D6C55117D5E}.Debug|Any CPU.Build.0 = Debug|Any CPU
		{746AAD92-3A2F-4E01-AFD5-4D6C55117D5E}.Release|Any CPU.ActiveCfg = Release|Any CPU
		{746AAD92-3A2F-4E01-AFD5-4D6C55117D5E}.Release|Any CPU.Build.0 = Release|Any CPU
		{9BFCECDE-CDE9-427E-9374-82711BC8A5C9}.Debug|Any CPU.ActiveCfg = Debug|Any CPU
		{9BFCECDE-CDE9-427E-9374-82711BC8A5C9}.Debug|Any CPU.Build.0 = Debug|Any CPU
		{9BFCECDE-CDE9-427E-9374-82711BC8A5C9}.Release|Any CPU.ActiveCfg = Release|Any CPU
		{9BFCECDE-CDE9-427E-9374-82711BC8A5C9}.Release|Any CPU.Build.0 = Release|Any CPU
		{84EAB5E2-E942-4C01-A53F-2C1E47D25E0B}.Debug|Any CPU.ActiveCfg = Debug|Any CPU
		{84EAB5E2-E942-4C01-A53F-2C1E47D25E0B}.Debug|Any CPU.Build.0 = Debug|Any CPU
		{84EAB5E2-E942-4C01-A53F-2C1E47D25E0B}.Release|Any CPU.ActiveCfg = Release|Any CPU
		{84EAB5E2-E942-4C01-A53F-2C1E47D25E0B}.Release|Any CPU.Build.0 = Release|Any CPU
		{6B7B1E25-80C3-41BE-8ECE-FF21B1E64FCF}.Debug|Any CPU.ActiveCfg = Debug|Any CPU
		{6B7B1E25-80C3-41BE-8ECE-FF21B1E64FCF}.Debug|Any CPU.Build.0 = Debug|Any CPU
		{6B7B1E25-80C3-41BE-8ECE-FF21B1E64FCF}.Release|Any CPU.ActiveCfg = Release|Any CPU
		{6B7B1E25-80C3-41BE-8ECE-FF21B1E64FCF}.Release|Any CPU.Build.0 = Release|Any CPU
	EndGlobalSection
	GlobalSection(SolutionProperties) = preSolution
		HideSolutionNode = FALSE
	EndGlobalSection
	GlobalSection(ExtensibilityGlobals) = postSolution
		SolutionGuid = {D5D1F4A2-61FE-401E-9FE9-9EA8E741A006}
	EndGlobalSection
EndGlobal
